// !$*UTF8*$!
{
	archiveVersion = 1;
	classes = {
	};
	objectVersion = 56;
	objects = {

/* Begin PBXBuildFile section */
		2B67351B2D5E2CF700C2BB4F /* AppDelegate.swift in Sources */ = {isa = PBXBuildFile; fileRef = 2B67351A2D5E2CF700C2BB4F /* AppDelegate.swift */; };
		2B67351D2D5E2CF700C2BB4F /* SceneDelegate.swift in Sources */ = {isa = PBXBuildFile; fileRef = 2B67351C2D5E2CF700C2BB4F /* SceneDelegate.swift */; };
		2B67351F2D5E2CF700C2BB4F /* MainViewController.swift in Sources */ = {isa = PBXBuildFile; fileRef = 2B67351E2D5E2CF700C2BB4F /* MainViewController.swift */; };
		2B6735242D5E2CF800C2BB4F /* Assets.xcassets in Resources */ = {isa = PBXBuildFile; fileRef = 2B6735232D5E2CF800C2BB4F /* Assets.xcassets */; };
		2B6735272D5E2CF800C2BB4F /* Base in Resources */ = {isa = PBXBuildFile; fileRef = 2B6735262D5E2CF800C2BB4F /* Base */; };
		2B6735332D5E2EC600C2BB4F /* MainView.swift in Sources */ = {isa = PBXBuildFile; fileRef = 2B6735322D5E2EC600C2BB4F /* MainView.swift */; };
		2B6735372D5E2EFF00C2BB4F /* NetworkManager.swift in Sources */ = {isa = PBXBuildFile; fileRef = 2B6735362D5E2EFF00C2BB4F /* NetworkManager.swift */; };
		2B67353A2D5E2F1C00C2BB4F /* Character.swift in Sources */ = {isa = PBXBuildFile; fileRef = 2B6735392D5E2F1C00C2BB4F /* Character.swift */; };
		2B67353C2D5E306700C2BB4F /* NetworkError.swift in Sources */ = {isa = PBXBuildFile; fileRef = 2B67353B2D5E306700C2BB4F /* NetworkError.swift */; };
		2B6735402D5E310F00C2BB4F /* CharacterViewModel.swift in Sources */ = {isa = PBXBuildFile; fileRef = 2B67353F2D5E310F00C2BB4F /* CharacterViewModel.swift */; };
		2B6735422D5E37A500C2BB4F /* CharacterCollectionViewCell.swift in Sources */ = {isa = PBXBuildFile; fileRef = 2B6735412D5E37A500C2BB4F /* CharacterCollectionViewCell.swift */; };
		2B6735452D5E524500C2BB4F /* PaddingLabel.swift in Sources */ = {isa = PBXBuildFile; fileRef = 2B6735442D5E524500C2BB4F /* PaddingLabel.swift */; };
/* End PBXBuildFile section */

/* Begin PBXFileReference section */
		2B6735172D5E2CF700C2BB4F /* RickAndMorty.app */ = {isa = PBXFileReference; explicitFileType = wrapper.application; includeInIndex = 0; path = RickAndMorty.app; sourceTree = BUILT_PRODUCTS_DIR; };
		2B67351A2D5E2CF700C2BB4F /* AppDelegate.swift */ = {isa = PBXFileReference; lastKnownFileType = sourcecode.swift; path = AppDelegate.swift; sourceTree = "<group>"; };
		2B67351C2D5E2CF700C2BB4F /* SceneDelegate.swift */ = {isa = PBXFileReference; lastKnownFileType = sourcecode.swift; path = SceneDelegate.swift; sourceTree = "<group>"; };
		2B67351E2D5E2CF700C2BB4F /* MainViewController.swift */ = {isa = PBXFileReference; lastKnownFileType = sourcecode.swift; path = MainViewController.swift; sourceTree = "<group>"; };
		2B6735232D5E2CF800C2BB4F /* Assets.xcassets */ = {isa = PBXFileReference; lastKnownFileType = folder.assetcatalog; path = Assets.xcassets; sourceTree = "<group>"; };
		2B6735262D5E2CF800C2BB4F /* Base */ = {isa = PBXFileReference; lastKnownFileType = file.storyboard; name = Base; path = Base.lproj/LaunchScreen.storyboard; sourceTree = "<group>"; };
		2B6735282D5E2CF800C2BB4F /* Info.plist */ = {isa = PBXFileReference; lastKnownFileType = text.plist.xml; path = Info.plist; sourceTree = "<group>"; };
		2B6735322D5E2EC600C2BB4F /* MainView.swift */ = {isa = PBXFileReference; lastKnownFileType = sourcecode.swift; path = MainView.swift; sourceTree = "<group>"; };
		2B6735362D5E2EFF00C2BB4F /* NetworkManager.swift */ = {isa = PBXFileReference; lastKnownFileType = sourcecode.swift; path = NetworkManager.swift; sourceTree = "<group>"; };
		2B6735392D5E2F1C00C2BB4F /* Character.swift */ = {isa = PBXFileReference; lastKnownFileType = sourcecode.swift; path = Character.swift; sourceTree = "<group>"; };
		2B67353B2D5E306700C2BB4F /* NetworkError.swift */ = {isa = PBXFileReference; lastKnownFileType = sourcecode.swift; path = NetworkError.swift; sourceTree = "<group>"; };
		2B67353F2D5E310F00C2BB4F /* CharacterViewModel.swift */ = {isa = PBXFileReference; lastKnownFileType = sourcecode.swift; path = CharacterViewModel.swift; sourceTree = "<group>"; };
		2B6735412D5E37A500C2BB4F /* CharacterCollectionViewCell.swift */ = {isa = PBXFileReference; lastKnownFileType = sourcecode.swift; path = CharacterCollectionViewCell.swift; sourceTree = "<group>"; };
		2B6735442D5E524500C2BB4F /* PaddingLabel.swift */ = {isa = PBXFileReference; lastKnownFileType = sourcecode.swift; path = PaddingLabel.swift; sourceTree = "<group>"; };
/* End PBXFileReference section */

/* Begin PBXFrameworksBuildPhase section */
		2B6735142D5E2CF700C2BB4F /* Frameworks */ = {
			isa = PBXFrameworksBuildPhase;
			buildActionMask = 2147483647;
			files = (
			);
			runOnlyForDeploymentPostprocessing = 0;
		};
/* End PBXFrameworksBuildPhase section */

/* Begin PBXGroup section */
		2B67350E2D5E2CF700C2BB4F = {
			isa = PBXGroup;
			children = (
				2B6735192D5E2CF700C2BB4F /* RickAndMorty */,
				2B6735182D5E2CF700C2BB4F /* Products */,
			);
			sourceTree = "<group>";
		};
		2B6735182D5E2CF700C2BB4F /* Products */ = {
			isa = PBXGroup;
			children = (
				2B6735172D5E2CF700C2BB4F /* RickAndMorty.app */,
			);
			name = Products;
			sourceTree = "<group>";
		};
		2B6735192D5E2CF700C2BB4F /* RickAndMorty */ = {
			isa = PBXGroup;
			children = (
				2B67352E2D5E2D0C00C2BB4F /* App */,
				2B6735352D5E2EF900C2BB4F /* Services */,
				2B67353E2D5E30FC00C2BB4F /* ViewModels */,
				2B6735382D5E2F0900C2BB4F /* Models */,
				2B6735462D5E544100C2BB4F /* CustomViews */,
				2B67352F2D5E2D1000C2BB4F /* Views */,
				2B6735302D5E2D1900C2BB4F /* Resources */,
				2B6735312D5E2D2000C2BB4F /* Storyboards */,
			);
			path = RickAndMorty;
			sourceTree = "<group>";
		};
		2B67352E2D5E2D0C00C2BB4F /* App */ = {
			isa = PBXGroup;
			children = (
				2B67351A2D5E2CF700C2BB4F /* AppDelegate.swift */,
				2B67351C2D5E2CF700C2BB4F /* SceneDelegate.swift */,
				2B6735282D5E2CF800C2BB4F /* Info.plist */,
			);
			path = App;
			sourceTree = "<group>";
		};
		2B67352F2D5E2D1000C2BB4F /* Views */ = {
			isa = PBXGroup;
			children = (
				2B6735342D5E2ECB00C2BB4F /* Main */,
			);
			path = Views;
			sourceTree = "<group>";
		};
		2B6735302D5E2D1900C2BB4F /* Resources */ = {
			isa = PBXGroup;
			children = (
				2B6735232D5E2CF800C2BB4F /* Assets.xcassets */,
			);
			path = Resources;
			sourceTree = "<group>";
		};
		2B6735312D5E2D2000C2BB4F /* Storyboards */ = {
			isa = PBXGroup;
			children = (
				2B6735252D5E2CF800C2BB4F /* LaunchScreen.storyboard */,
			);
			path = Storyboards;
			sourceTree = "<group>";
		};
		2B6735342D5E2ECB00C2BB4F /* Main */ = {
			isa = PBXGroup;
			children = (
				2B6735432D5E37A800C2BB4F /* Cells */,
				2B67351E2D5E2CF700C2BB4F /* MainViewController.swift */,
				2B6735322D5E2EC600C2BB4F /* MainView.swift */,
			);
			path = Main;
			sourceTree = "<group>";
		};
		2B6735352D5E2EF900C2BB4F /* Services */ = {
			isa = PBXGroup;
			children = (
				2B67353D2D5E306C00C2BB4F /* NetworkManager */,
			);
			name = Services;
			sourceTree = "<group>";
		};
		2B6735382D5E2F0900C2BB4F /* Models */ = {
			isa = PBXGroup;
			children = (
				2B6735392D5E2F1C00C2BB4F /* Character.swift */,
			);
			name = Models;
			sourceTree = "<group>";
		};
		2B67353D2D5E306C00C2BB4F /* NetworkManager */ = {
			isa = PBXGroup;
			children = (
				2B6735362D5E2EFF00C2BB4F /* NetworkManager.swift */,
				2B67353B2D5E306700C2BB4F /* NetworkError.swift */,
			);
			name = NetworkManager;
			sourceTree = "<group>";
		};
		2B67353E2D5E30FC00C2BB4F /* ViewModels */ = {
			isa = PBXGroup;
			children = (
				2B67353F2D5E310F00C2BB4F /* CharacterViewModel.swift */,
			);
			name = ViewModels;
			sourceTree = "<group>";
		};
		2B6735432D5E37A800C2BB4F /* Cells */ = {
			isa = PBXGroup;
			children = (
				2B6735412D5E37A500C2BB4F /* CharacterCollectionViewCell.swift */,
			);
			path = Cells;
			sourceTree = "<group>";
		};
		2B6735462D5E544100C2BB4F /* CustomViews */ = {
			isa = PBXGroup;
			children = (
				2B6735442D5E524500C2BB4F /* PaddingLabel.swift */,
			);
			path = CustomViews;
			sourceTree = "<group>";
		};
/* End PBXGroup section */

/* Begin PBXNativeTarget section */
		2B6735162D5E2CF700C2BB4F /* RickAndMorty */ = {
			isa = PBXNativeTarget;
			buildConfigurationList = 2B67352B2D5E2CF800C2BB4F /* Build configuration list for PBXNativeTarget "RickAndMorty" */;
			buildPhases = (
				2B6735132D5E2CF700C2BB4F /* Sources */,
				2B6735142D5E2CF700C2BB4F /* Frameworks */,
				2B6735152D5E2CF700C2BB4F /* Resources */,
			);
			buildRules = (
			);
			dependencies = (
			);
			name = RickAndMorty;
			productName = RickAndMorty;
			productReference = 2B6735172D5E2CF700C2BB4F /* RickAndMorty.app */;
			productType = "com.apple.product-type.application";
		};
/* End PBXNativeTarget section */

/* Begin PBXProject section */
		2B67350F2D5E2CF700C2BB4F /* Project object */ = {
			isa = PBXProject;
			attributes = {
				BuildIndependentTargetsInParallel = 1;
				LastSwiftUpdateCheck = 1540;
				LastUpgradeCheck = 1540;
				TargetAttributes = {
					2B6735162D5E2CF700C2BB4F = {
						CreatedOnToolsVersion = 15.4;
					};
				};
			};
			buildConfigurationList = 2B6735122D5E2CF700C2BB4F /* Build configuration list for PBXProject "RickAndMorty" */;
			compatibilityVersion = "Xcode 14.0";
			developmentRegion = en;
			hasScannedForEncodings = 0;
			knownRegions = (
				en,
				Base,
			);
			mainGroup = 2B67350E2D5E2CF700C2BB4F;
			productRefGroup = 2B6735182D5E2CF700C2BB4F /* Products */;
			projectDirPath = "";
			projectRoot = "";
			targets = (
				2B6735162D5E2CF700C2BB4F /* RickAndMorty */,
			);
		};
/* End PBXProject section */

/* Begin PBXResourcesBuildPhase section */
		2B6735152D5E2CF700C2BB4F /* Resources */ = {
			isa = PBXResourcesBuildPhase;
			buildActionMask = 2147483647;
			files = (
				2B6735242D5E2CF800C2BB4F /* Assets.xcassets in Resources */,
				2B6735272D5E2CF800C2BB4F /* Base in Resources */,
			);
			runOnlyForDeploymentPostprocessing = 0;
		};
/* End PBXResourcesBuildPhase section */

/* Begin PBXSourcesBuildPhase section */
		2B6735132D5E2CF700C2BB4F /* Sources */ = {
			isa = PBXSourcesBuildPhase;
			buildActionMask = 2147483647;
			files = (
				2B67351F2D5E2CF700C2BB4F /* MainViewController.swift in Sources */,
				2B6735422D5E37A500C2BB4F /* CharacterCollectionViewCell.swift in Sources */,
				2B6735332D5E2EC600C2BB4F /* MainView.swift in Sources */,
				2B6735372D5E2EFF00C2BB4F /* NetworkManager.swift in Sources */,
				2B67353C2D5E306700C2BB4F /* NetworkError.swift in Sources */,
				2B6735402D5E310F00C2BB4F /* CharacterViewModel.swift in Sources */,
				2B6735452D5E524500C2BB4F /* PaddingLabel.swift in Sources */,
				2B67353A2D5E2F1C00C2BB4F /* Character.swift in Sources */,
				2B67351B2D5E2CF700C2BB4F /* AppDelegate.swift in Sources */,
				2B67351D2D5E2CF700C2BB4F /* SceneDelegate.swift in Sources */,
			);
			runOnlyForDeploymentPostprocessing = 0;
		};
/* End PBXSourcesBuildPhase section */

/* Begin PBXVariantGroup section */
		2B6735252D5E2CF800C2BB4F /* LaunchScreen.storyboard */ = {
			isa = PBXVariantGroup;
			children = (
				2B6735262D5E2CF800C2BB4F /* Base */,
			);
			name = LaunchScreen.storyboard;
			sourceTree = "<group>";
		};
/* End PBXVariantGroup section */

/* Begin XCBuildConfiguration section */
		2B6735292D5E2CF800C2BB4F /* Debug */ = {
			isa = XCBuildConfiguration;
			buildSettings = {
				ALWAYS_SEARCH_USER_PATHS = NO;
				ASSETCATALOG_COMPILER_GENERATE_SWIFT_ASSET_SYMBOL_EXTENSIONS = YES;
				CLANG_ANALYZER_NONNULL = YES;
				CLANG_ANALYZER_NUMBER_OBJECT_CONVERSION = YES_AGGRESSIVE;
				CLANG_CXX_LANGUAGE_STANDARD = "gnu++20";
				CLANG_ENABLE_MODULES = YES;
				CLANG_ENABLE_OBJC_ARC = YES;
				CLANG_ENABLE_OBJC_WEAK = YES;
				CLANG_WARN_BLOCK_CAPTURE_AUTORELEASING = YES;
				CLANG_WARN_BOOL_CONVERSION = YES;
				CLANG_WARN_COMMA = YES;
				CLANG_WARN_CONSTANT_CONVERSION = YES;
				CLANG_WARN_DEPRECATED_OBJC_IMPLEMENTATIONS = YES;
				CLANG_WARN_DIRECT_OBJC_ISA_USAGE = YES_ERROR;
				CLANG_WARN_DOCUMENTATION_COMMENTS = YES;
				CLANG_WARN_EMPTY_BODY = YES;
				CLANG_WARN_ENUM_CONVERSION = YES;
				CLANG_WARN_INFINITE_RECURSION = YES;
				CLANG_WARN_INT_CONVERSION = YES;
				CLANG_WARN_NON_LITERAL_NULL_CONVERSION = YES;
				CLANG_WARN_OBJC_IMPLICIT_RETAIN_SELF = YES;
				CLANG_WARN_OBJC_LITERAL_CONVERSION = YES;
				CLANG_WARN_OBJC_ROOT_CLASS = YES_ERROR;
				CLANG_WARN_QUOTED_INCLUDE_IN_FRAMEWORK_HEADER = YES;
				CLANG_WARN_RANGE_LOOP_ANALYSIS = YES;
				CLANG_WARN_STRICT_PROTOTYPES = YES;
				CLANG_WARN_SUSPICIOUS_MOVE = YES;
				CLANG_WARN_UNGUARDED_AVAILABILITY = YES_AGGRESSIVE;
				CLANG_WARN_UNREACHABLE_CODE = YES;
				CLANG_WARN__DUPLICATE_METHOD_MATCH = YES;
				COPY_PHASE_STRIP = NO;
				DEBUG_INFORMATION_FORMAT = dwarf;
				ENABLE_STRICT_OBJC_MSGSEND = YES;
				ENABLE_TESTABILITY = YES;
				ENABLE_USER_SCRIPT_SANDBOXING = YES;
				GCC_C_LANGUAGE_STANDARD = gnu17;
				GCC_DYNAMIC_NO_PIC = NO;
				GCC_NO_COMMON_BLOCKS = YES;
				GCC_OPTIMIZATION_LEVEL = 0;
				GCC_PREPROCESSOR_DEFINITIONS = (
					"DEBUG=1",
					"$(inherited)",
				);
				GCC_WARN_64_TO_32_BIT_CONVERSION = YES;
				GCC_WARN_ABOUT_RETURN_TYPE = YES_ERROR;
				GCC_WARN_UNDECLARED_SELECTOR = YES;
				GCC_WARN_UNINITIALIZED_AUTOS = YES_AGGRESSIVE;
				GCC_WARN_UNUSED_FUNCTION = YES;
				GCC_WARN_UNUSED_VARIABLE = YES;
				IPHONEOS_DEPLOYMENT_TARGET = 17.5;
				LOCALIZATION_PREFERS_STRING_CATALOGS = YES;
				MTL_ENABLE_DEBUG_INFO = INCLUDE_SOURCE;
				MTL_FAST_MATH = YES;
				ONLY_ACTIVE_ARCH = YES;
				SDKROOT = iphoneos;
				SWIFT_ACTIVE_COMPILATION_CONDITIONS = "DEBUG $(inherited)";
				SWIFT_OPTIMIZATION_LEVEL = "-Onone";
			};
			name = Debug;
		};
		2B67352A2D5E2CF800C2BB4F /* Release */ = {
			isa = XCBuildConfiguration;
			buildSettings = {
				ALWAYS_SEARCH_USER_PATHS = NO;
				ASSETCATALOG_COMPILER_GENERATE_SWIFT_ASSET_SYMBOL_EXTENSIONS = YES;
				CLANG_ANALYZER_NONNULL = YES;
				CLANG_ANALYZER_NUMBER_OBJECT_CONVERSION = YES_AGGRESSIVE;
				CLANG_CXX_LANGUAGE_STANDARD = "gnu++20";
				CLANG_ENABLE_MODULES = YES;
				CLANG_ENABLE_OBJC_ARC = YES;
				CLANG_ENABLE_OBJC_WEAK = YES;
				CLANG_WARN_BLOCK_CAPTURE_AUTORELEASING = YES;
				CLANG_WARN_BOOL_CONVERSION = YES;
				CLANG_WARN_COMMA = YES;
				CLANG_WARN_CONSTANT_CONVERSION = YES;
				CLANG_WARN_DEPRECATED_OBJC_IMPLEMENTATIONS = YES;
				CLANG_WARN_DIRECT_OBJC_ISA_USAGE = YES_ERROR;
				CLANG_WARN_DOCUMENTATION_COMMENTS = YES;
				CLANG_WARN_EMPTY_BODY = YES;
				CLANG_WARN_ENUM_CONVERSION = YES;
				CLANG_WARN_INFINITE_RECURSION = YES;
				CLANG_WARN_INT_CONVERSION = YES;
				CLANG_WARN_NON_LITERAL_NULL_CONVERSION = YES;
				CLANG_WARN_OBJC_IMPLICIT_RETAIN_SELF = YES;
				CLANG_WARN_OBJC_LITERAL_CONVERSION = YES;
				CLANG_WARN_OBJC_ROOT_CLASS = YES_ERROR;
				CLANG_WARN_QUOTED_INCLUDE_IN_FRAMEWORK_HEADER = YES;
				CLANG_WARN_RANGE_LOOP_ANALYSIS = YES;
				CLANG_WARN_STRICT_PROTOTYPES = YES;
				CLANG_WARN_SUSPICIOUS_MOVE = YES;
				CLANG_WARN_UNGUARDED_AVAILABILITY = YES_AGGRESSIVE;
				CLANG_WARN_UNREACHABLE_CODE = YES;
				CLANG_WARN__DUPLICATE_METHOD_MATCH = YES;
				COPY_PHASE_STRIP = NO;
				DEBUG_INFORMATION_FORMAT = "dwarf-with-dsym";
				ENABLE_NS_ASSERTIONS = NO;
				ENABLE_STRICT_OBJC_MSGSEND = YES;
				ENABLE_USER_SCRIPT_SANDBOXING = YES;
				GCC_C_LANGUAGE_STANDARD = gnu17;
				GCC_NO_COMMON_BLOCKS = YES;
				GCC_WARN_64_TO_32_BIT_CONVERSION = YES;
				GCC_WARN_ABOUT_RETURN_TYPE = YES_ERROR;
				GCC_WARN_UNDECLARED_SELECTOR = YES;
				GCC_WARN_UNINITIALIZED_AUTOS = YES_AGGRESSIVE;
				GCC_WARN_UNUSED_FUNCTION = YES;
				GCC_WARN_UNUSED_VARIABLE = YES;
				IPHONEOS_DEPLOYMENT_TARGET = 17.5;
				LOCALIZATION_PREFERS_STRING_CATALOGS = YES;
				MTL_ENABLE_DEBUG_INFO = NO;
				MTL_FAST_MATH = YES;
				SDKROOT = iphoneos;
				SWIFT_COMPILATION_MODE = wholemodule;
				VALIDATE_PRODUCT = YES;
			};
			name = Release;
		};
		2B67352C2D5E2CF800C2BB4F /* Debug */ = {
			isa = XCBuildConfiguration;
			buildSettings = {
				ASSETCATALOG_COMPILER_APPICON_NAME = AppIcon;
				ASSETCATALOG_COMPILER_GLOBAL_ACCENT_COLOR_NAME = AccentColor;
				CODE_SIGN_STYLE = Automatic;
				CURRENT_PROJECT_VERSION = 1;
				GENERATE_INFOPLIST_FILE = YES;
				INFOPLIST_FILE = RickAndMorty/App/Info.plist;
				INFOPLIST_KEY_UIApplicationSupportsIndirectInputEvents = YES;
				INFOPLIST_KEY_UILaunchStoryboardName = LaunchScreen;
				INFOPLIST_KEY_UISupportedInterfaceOrientations = UIInterfaceOrientationPortrait;
				INFOPLIST_KEY_UISupportedInterfaceOrientations_iPad = "UIInterfaceOrientationLandscapeLeft UIInterfaceOrientationLandscapeRight UIInterfaceOrientationPortrait UIInterfaceOrientationPortraitUpsideDown";
				LD_RUNPATH_SEARCH_PATHS = (
					"$(inherited)",
					"@executable_path/Frameworks",
				);
				MARKETING_VERSION = 1.0;
				PRODUCT_BUNDLE_IDENTIFIER = com.matveiSw.RickAndMorty;
				PRODUCT_NAME = "$(TARGET_NAME)";
				SUPPORTED_PLATFORMS = "iphoneos iphonesimulator";
				SUPPORTS_MACCATALYST = NO;
				SUPPORTS_MAC_DESIGNED_FOR_IPHONE_IPAD = NO;
				SUPPORTS_XR_DESIGNED_FOR_IPHONE_IPAD = NO;
				SWIFT_EMIT_LOC_STRINGS = YES;
				SWIFT_VERSION = 5.0;
				TARGETED_DEVICE_FAMILY = 1;
			};
			name = Debug;
		};
		2B67352D2D5E2CF800C2BB4F /* Release */ = {
			isa = XCBuildConfiguration;
			buildSettings = {
				ASSETCATALOG_COMPILER_APPICON_NAME = AppIcon;
				ASSETCATALOG_COMPILER_GLOBAL_ACCENT_COLOR_NAME = AccentColor;
				CODE_SIGN_STYLE = Automatic;
				CURRENT_PROJECT_VERSION = 1;
				GENERATE_INFOPLIST_FILE = YES;
				INFOPLIST_FILE = RickAndMorty/App/Info.plist;
				INFOPLIST_KEY_UIApplicationSupportsIndirectInputEvents = YES;
				INFOPLIST_KEY_UILaunchStoryboardName = LaunchScreen;
				INFOPLIST_KEY_UISupportedInterfaceOrientations = UIInterfaceOrientationPortrait;
				INFOPLIST_KEY_UISupportedInterfaceOrientations_iPad = "UIInterfaceOrientationLandscapeLeft UIInterfaceOrientationLandscapeRight UIInterfaceOrientationPortrait UIInterfaceOrientationPortraitUpsideDown";
				LD_RUNPATH_SEARCH_PATHS = (
					"$(inherited)",
					"@executable_path/Frameworks",
				);
				MARKETING_VERSION = 1.0;
				PRODUCT_BUNDLE_IDENTIFIER = com.matveiSw.RickAndMorty;
				PRODUCT_NAME = "$(TARGET_NAME)";
				SUPPORTED_PLATFORMS = "iphoneos iphonesimulator";
				SUPPORTS_MACCATALYST = NO;
				SUPPORTS_MAC_DESIGNED_FOR_IPHONE_IPAD = NO;
				SUPPORTS_XR_DESIGNED_FOR_IPHONE_IPAD = NO;
				SWIFT_EMIT_LOC_STRINGS = YES;
				SWIFT_VERSION = 5.0;
				TARGETED_DEVICE_FAMILY = 1;
			};
			name = Release;
		};
/* End XCBuildConfiguration section */

/* Begin XCConfigurationList section */
		2B6735122D5E2CF700C2BB4F /* Build configuration list for PBXProject "RickAndMorty" */ = {
			isa = XCConfigurationList;
			buildConfigurations = (
				2B6735292D5E2CF800C2BB4F /* Debug */,
				2B67352A2D5E2CF800C2BB4F /* Release */,
			);
			defaultConfigurationIsVisible = 0;
			defaultConfigurationName = Release;
		};
		2B67352B2D5E2CF800C2BB4F /* Build configuration list for PBXNativeTarget "RickAndMorty" */ = {
			isa = XCConfigurationList;
			buildConfigurations = (
				2B67352C2D5E2CF800C2BB4F /* Debug */,
				2B67352D2D5E2CF800C2BB4F /* Release */,
			);
			defaultConfigurationIsVisible = 0;
			defaultConfigurationName = Release;
		};
/* End XCConfigurationList section */
	};
	rootObject = 2B67350F2D5E2CF700C2BB4F /* Project object */;
}
